# This file was autogenerated by Stack.
# You should not edit this file by hand.
# For more information, please see the documentation at:
#   https://docs.haskellstack.org/en/stable/topics/lock_files

packages:
- completed:
    hackage: duckdb-simple-0.1.5.0@sha256:d5a367cebae78e33b2a1eadf0e7575e69b8c675f51b97180428387bd8e0eceed,2363
    pantry-tree:
      sha256: 0d9ee3d3033ae5976fc7c9dca8db82c17cfd77d8fdb4dc82e9371c4cfbede1d4
      size: 1656
  original:
    hackage: duckdb-simple-0.1.5.0@sha256:d5a367cebae78e33b2a1eadf0e7575e69b8c675f51b97180428387bd8e0eceed,2363
- completed:
    hackage: duckdb-ffi-1.5.0.0@sha256:9282ff51253f0d78de74e2e0bf8f77db8ecd35cab4e9c7486ef23bab0e90e0c9,4469
    pantry-tree:
      sha256: 3335230493d9070e0279a9dfab011dec28a91572d6ff283c55078f0b58e8967e
      size: 6087
  original:
    hackage: duckdb-ffi-1.5.0.0@sha256:9282ff51253f0d78de74e2e0bf8f77db8ecd35cab4e9c7486ef23bab0e90e0c9,4469
snapshots:
- completed:
    sha256: d836e64ec93e8825278b99561f4a7ef24780c9b29bb5338eec2d693ab3a800cd
    size: 732678
    url: https://raw.githubusercontent.com/commercialhaskell/stackage-snapshots/master/lts/24/49.yaml
  original:
    url: https://raw.githubusercontent.com/commercialhaskell/stackage-snapshots/master/lts/24/49.yaml
